{
  "originHash" : "62015f7dcafb809eef7bb908190e31043264cf2138a3d3197d8ac5bc5f8bd062",
  "pins" : [
    {
      "identity" : "google-maps-ios-utils",
      "kind" : "remoteSourceControl",
      "location" : "https://github.com/googlemaps/google-maps-ios-utils.git",
      "state" : {
        "revision" : "3234152e287e3593412e0c9ae72fc7b6cad2aec6",
        "version" : "6.0.0"
      }
    },
    {
      "identity" : "ios-maps-sdk",
      "kind" : "remoteSourceControl",
      "location" : "https://github.com/googlemaps/ios-maps-sdk",
      "state" : {
        "revision" : "3786e5028d868482ef88140117d33efd60828300",
        "version" : "9.1.1"
      }
    },
    {
      "identity" : "sentry-cocoa",
      "kind" : "remoteSourceControl",
      "location" : "https://github.com/getsentry/sentry-cocoa/",
      "state" : {
        "revision" : "5a601a24aa1b3fb29fcdb824633f050e08257e92",
        "version" : "8.30.1"
      }
    }
  ],
  "version" : 3
}
