{
  "originHash" : "5fdfe48001ec9270f523296bb07696c525da68412b4311316766541057fcdc34",
  "pins" : [
    {
      "identity" : "sentry-cocoa",
      "kind" : "remoteSourceControl",
      "location" : "https://github.com/getsentry/sentry-cocoa/",
      "state" : {
        "revision" : "5a601a24aa1b3fb29fcdb824633f050e08257e92",
        "version" : "8.30.1"
      }
    }
  ],
  "version" : 3
}
